{
  "name": "pex-context",
  "version": "2.1.1",
  "lockfileVersion": 1,
  "requires": true,
  "dependencies": {
    "debug": {
      "version": "2.6.9",
      "resolved": "https://registry.npmjs.org/debug/-/debug-2.6.9.tgz",
      "integrity": "sha512-bC7ElrdJaJnPbAP+1EotYvqZsb3ecl5wi6Bfi6BJTUcNowp6cvspg0jXznRTKDjm/E7AdgFBVeAPVMNcKGsHMA==",
      "requires": {
        "ms": "2.0.0"
      },
      "dependencies": {
        "ms": {
          "version": "2.0.0",
          "resolved": "https://registry.npmjs.org/ms/-/ms-2.0.0.tgz",
          "integrity": "sha1-VgiurfwAvmwpAd9fmGF4jeDVl8g="
        }
      }
    },
    "is-browser": {
      "version": "2.0.1",
      "resolved": "https://registry.npmjs.org/is-browser/-/is-browser-2.0.1.tgz",
      "integrity": "sha1-i/C695mpxi/Z3lvO5M8zl8PnUpo="
    },
    "performance-now": {
      "version": "https://registry.npmjs.org/performance-now/-/performance-now-0.2.0.tgz",
      "integrity": "sha1-M+8wxcd9TqIcWlOGnZG1bY8lVeU="
    },
    "pex-gl": {
      "version": "https://registry.npmjs.org/pex-gl/-/pex-gl-2.4.1.tgz",
      "integrity": "sha1-MqZNLqathNo31KvrcfvHq5Wn0W4=",
      "requires": {
        "is-plask": "https://registry.npmjs.org/is-plask/-/is-plask-1.1.1.tgz"
      },
      "dependencies": {
        "is-plask": {
          "version": "https://registry.npmjs.org/is-plask/-/is-plask-1.1.1.tgz",
          "integrity": "sha1-3mOSZXYfKK939JtBI4tnp/R8sgg=",
          "requires": {
            "plask-wrap": "https://registry.npmjs.org/plask-wrap/-/plask-wrap-1.0.1.tgz"
          }
        },
        "plask-wrap": {
          "version": "https://registry.npmjs.org/plask-wrap/-/plask-wrap-1.0.1.tgz",
          "integrity": "sha1-xfXBtdh0wcfZtxf3chJvJauzHd8="
        }
      }
    },
    "raf": {
      "version": "https://registry.npmjs.org/raf/-/raf-3.3.0.tgz",
      "integrity": "sha1-k4Re7/x3P4EpA59nf4CjYETu4sM=",
      "requires": {
        "performance-now": "https://registry.npmjs.org/performance-now/-/performance-now-0.2.0.tgz"
      }
    },
    "ramda": {
      "version": "https://registry.npmjs.org/ramda/-/ramda-0.23.0.tgz",
      "integrity": "sha1-zNE//3NJepOXTj6GMnv9h71ujis="
    }
  }
}
